// !$*UTF8*$!
{
	archiveVersion = 1;
	classes = {
	};
	objectVersion = 50;
	objects = {

/* Begin PBXBuildFile section */
		AF935A2A219ED574006A52B3 /* AppDelegate.swift in Sources */ = {isa = PBXBuildFile; fileRef = AF935A29219ED574006A52B3 /* AppDelegate.swift */; };
		AF935A2C219ED574006A52B3 /* ViewController.swift in Sources */ = {isa = PBXBuildFile; fileRef = AF935A2B219ED574006A52B3 /* ViewController.swift */; };
		AF935A2F219ED574006A52B3 /* Main.storyboard in Resources */ = {isa = PBXBuildFile; fileRef = AF935A2D219ED574006A52B3 /* Main.storyboard */; };
		AF935A31219ED575006A52B3 /* Assets.xcassets in Resources */ = {isa = PBXBuildFile; fileRef = AF935A30219ED575006A52B3 /* Assets.xcassets */; };
		AF935A34219ED575006A52B3 /* LaunchScreen.storyboard in Resources */ = {isa = PBXBuildFile; fileRef = AF935A32219ED575006A52B3 /* LaunchScreen.storyboard */; };
		AF935A3F219ED575006A52B3 /* miniprojectTests.swift in Sources */ = {isa = PBXBuildFile; fileRef = AF935A3E219ED575006A52B3 /* miniprojectTests.swift */; };
		AF935A4E219ED810006A52B3 /* QuestionBank.swift in Sources */ = {isa = PBXBuildFile; fileRef = AF935A4D219ED810006A52B3 /* QuestionBank.swift */; };
		AF935A50219ED840006A52B3 /* Question.swift in Sources */ = {isa = PBXBuildFile; fileRef = AF935A4F219ED840006A52B3 /* Question.swift */; };
		AF935A80219EE029006A52B3 /* ProgressHUD.bundle in Resources */ = {isa = PBXBuildFile; fileRef = AF935A7D219EE029006A52B3 /* ProgressHUD.bundle */; };
		AF935A81219EE029006A52B3 /* ProgressHUD.bundle in Resources */ = {isa = PBXBuildFile; fileRef = AF935A7D219EE029006A52B3 /* ProgressHUD.bundle */; };
		AF935A82219EE029006A52B3 /* ProgressHUD.m in Sources */ = {isa = PBXBuildFile; fileRef = AF935A7E219EE029006A52B3 /* ProgressHUD.m */; };
/* End PBXBuildFile section */

/* Begin PBXContainerItemProxy section */
		AF935A3B219ED575006A52B3 /* PBXContainerItemProxy */ = {
			isa = PBXContainerItemProxy;
			containerPortal = AF935A1E219ED574006A52B3 /* Project object */;
			proxyType = 1;
			remoteGlobalIDString = AF935A25219ED574006A52B3;
			remoteInfo = miniproject;
		};
/* End PBXContainerItemProxy section */

/* Begin PBXFileReference section */
		AF935A26219ED574006A52B3 /* miniproject.app */ = {isa = PBXFileReference; explicitFileType = wrapper.application; includeInIndex = 0; path = miniproject.app; sourceTree = BUILT_PRODUCTS_DIR; };
		AF935A29219ED574006A52B3 /* AppDelegate.swift */ = {isa = PBXFileReference; lastKnownFileType = sourcecode.swift; path = AppDelegate.swift; sourceTree = "<group>"; };
		AF935A2B219ED574006A52B3 /* ViewController.swift */ = {isa = PBXFileReference; lastKnownFileType = sourcecode.swift; path = ViewController.swift; sourceTree = "<group>"; };
		AF935A2E219ED574006A52B3 /* Base */ = {isa = PBXFileReference; lastKnownFileType = file.storyboard; name = Base; path = Base.lproj/Main.storyboard; sourceTree = "<group>"; };
		AF935A30219ED575006A52B3 /* Assets.xcassets */ = {isa = PBXFileReference; lastKnownFileType = folder.assetcatalog; path = Assets.xcassets; sourceTree = "<group>"; };
		AF935A33219ED575006A52B3 /* Base */ = {isa = PBXFileReference; lastKnownFileType = file.storyboard; name = Base; path = Base.lproj/LaunchScreen.storyboard; sourceTree = "<group>"; };
		AF935A35219ED575006A52B3 /* Info.plist */ = {isa = PBXFileReference; lastKnownFileType = text.plist.xml; path = Info.plist; sourceTree = "<group>"; };
		AF935A3A219ED575006A52B3 /* miniprojectTests.xctest */ = {isa = PBXFileReference; explicitFileType = wrapper.cfbundle; includeInIndex = 0; path = miniprojectTests.xctest; sourceTree = BUILT_PRODUCTS_DIR; };
		AF935A3E219ED575006A52B3 /* miniprojectTests.swift */ = {isa = PBXFileReference; lastKnownFileType = sourcecode.swift; path = miniprojectTests.swift; sourceTree = "<group>"; };
		AF935A40219ED575006A52B3 /* Info.plist */ = {isa = PBXFileReference; lastKnownFileType = text.plist.xml; path = Info.plist; sourceTree = "<group>"; };
		AF935A4D219ED810006A52B3 /* QuestionBank.swift */ = {isa = PBXFileReference; lastKnownFileType = sourcecode.swift; path = QuestionBank.swift; sourceTree = "<group>"; };
		AF935A4F219ED840006A52B3 /* Question.swift */ = {isa = PBXFileReference; lastKnownFileType = sourcecode.swift; path = Question.swift; sourceTree = "<group>"; };
		AF935A7D219EE029006A52B3 /* ProgressHUD.bundle */ = {isa = PBXFileReference; lastKnownFileType = "wrapper.plug-in"; name = ProgressHUD.bundle; path = ../ProgressHUD.bundle; sourceTree = "<group>"; };
		AF935A7E219EE029006A52B3 /* ProgressHUD.m */ = {isa = PBXFileReference; fileEncoding = 4; lastKnownFileType = sourcecode.c.objc; name = ProgressHUD.m; path = ../ProgressHUD.m; sourceTree = "<group>"; };
		AF935A7F219EE029006A52B3 /* ProgressHUD.h */ = {isa = PBXFileReference; fileEncoding = 4; lastKnownFileType = sourcecode.c.h; name = ProgressHUD.h; path = ../ProgressHUD.h; sourceTree = "<group>"; };
		AF935A88219EE210006A52B3 /* miniproject-Bridging-Header.h */ = {isa = PBXFileReference; lastKnownFileType = sourcecode.c.h; path = "miniproject-Bridging-Header.h"; sourceTree = "<group>"; };
/* End PBXFileReference section */

/* Begin PBXFrameworksBuildPhase section */
		AF935A23219ED574006A52B3 /* Frameworks */ = {
			isa = PBXFrameworksBuildPhase;
			buildActionMask = 2147483647;
			files = (
			);
			runOnlyForDeploymentPostprocessing = 0;
		};
		AF935A37219ED575006A52B3 /* Frameworks */ = {
			isa = PBXFrameworksBuildPhase;
			buildActionMask = 2147483647;
			files = (
			);
			runOnlyForDeploymentPostprocessing = 0;
		};
/* End PBXFrameworksBuildPhase section */

/* Begin PBXGroup section */
		AF935A1D219ED574006A52B3 = {
			isa = PBXGroup;
			children = (
				AF935A28219ED574006A52B3 /* miniproject */,
				AF935A3D219ED575006A52B3 /* miniprojectTests */,
				AF935A27219ED574006A52B3 /* Products */,
			);
			sourceTree = "<group>";
		};
		AF935A27219ED574006A52B3 /* Products */ = {
			isa = PBXGroup;
			children = (
				AF935A26219ED574006A52B3 /* miniproject.app */,
				AF935A3A219ED575006A52B3 /* miniprojectTests.xctest */,
			);
			name = Products;
			sourceTree = "<group>";
		};
		AF935A28219ED574006A52B3 /* miniproject */ = {
			isa = PBXGroup;
			children = (
				AF935A29219ED574006A52B3 /* AppDelegate.swift */,
				AF935A2B219ED574006A52B3 /* ViewController.swift */,
				AF935A2D219ED574006A52B3 /* Main.storyboard */,
				AF935A7D219EE029006A52B3 /* ProgressHUD.bundle */,
				AF935A6B219EDE49006A52B3 /* New Group */,
				AF935A30219ED575006A52B3 /* Assets.xcassets */,
				AF935A32219ED575006A52B3 /* LaunchScreen.storyboard */,
				AF935A35219ED575006A52B3 /* Info.plist */,
				AF935A7F219EE029006A52B3 /* ProgressHUD.h */,
				AF935A7E219EE029006A52B3 /* ProgressHUD.m */,
				AF935A88219EE210006A52B3 /* miniproject-Bridging-Header.h */,
			);
			path = miniproject;
			sourceTree = "<group>";
		};
		AF935A3D219ED575006A52B3 /* miniprojectTests */ = {
			isa = PBXGroup;
			children = (
				AF935A3E219ED575006A52B3 /* miniprojectTests.swift */,
				AF935A40219ED575006A52B3 /* Info.plist */,
			);
			path = miniprojectTests;
			sourceTree = "<group>";
		};
		AF935A6B219EDE49006A52B3 /* New Group */ = {
			isa = PBXGroup;
			children = (
				AF935A4D219ED810006A52B3 /* QuestionBank.swift */,
				AF935A4F219ED840006A52B3 /* Question.swift */,
			);
			path = "New Group";
			sourceTree = "<group>";
		};
/* End PBXGroup section */

/* Begin PBXNativeTarget section */
		AF935A25219ED574006A52B3 /* miniproject */ = {
			isa = PBXNativeTarget;
			buildConfigurationList = AF935A43219ED575006A52B3 /* Build configuration list for PBXNativeTarget "miniproject" */;
			buildPhases = (
				AF935A22219ED574006A52B3 /* Sources */,
				AF935A23219ED574006A52B3 /* Frameworks */,
				AF935A24219ED574006A52B3 /* Resources */,
			);
			buildRules = (
			);
			dependencies = (
			);
			name = miniproject;
			productName = miniproject;
			productReference = AF935A26219ED574006A52B3 /* miniproject.app */;
			productType = "com.apple.product-type.application";
		};
		AF935A39219ED575006A52B3 /* miniprojectTests */ = {
			isa = PBXNativeTarget;
			buildConfigurationList = AF935A46219ED575006A52B3 /* Build configuration list for PBXNativeTarget "miniprojectTests" */;
			buildPhases = (
				AF935A36219ED575006A52B3 /* Sources */,
				AF935A37219ED575006A52B3 /* Frameworks */,
				AF935A38219ED575006A52B3 /* Resources */,
			);
			buildRules = (
			);
			dependencies = (
				AF935A3C219ED575006A52B3 /* PBXTargetDependency */,
			);
			name = miniprojectTests;
			productName = miniprojectTests;
			productReference = AF935A3A219ED575006A52B3 /* miniprojectTests.xctest */;
			productType = "com.apple.product-type.bundle.unit-test";
		};
/* End PBXNativeTarget section */

/* Begin PBXProject section */
		AF935A1E219ED574006A52B3 /* Project object */ = {
			isa = PBXProject;
			attributes = {
				LastSwiftUpdateCheck = 1010;
				LastUpgradeCheck = 1010;
				ORGANIZATIONNAME = ictnaja;
				TargetAttributes = {
					AF935A25219ED574006A52B3 = {
						CreatedOnToolsVersion = 10.1;
						LastSwiftMigration = 1010;
					};
					AF935A39219ED575006A52B3 = {
						CreatedOnToolsVersion = 10.1;
						LastSwiftMigration = 1010;
						TestTargetID = AF935A25219ED574006A52B3;
					};
				};
			};
			buildConfigurationList = AF935A21219ED574006A52B3 /* Build configuration list for PBXProject "miniproject" */;
			compatibilityVersion = "Xcode 9.3";
			developmentRegion = en;
			hasScannedForEncodings = 0;
			knownRegions = (
				en,
				Base,
			);
			mainGroup = AF935A1D219ED574006A52B3;
			productRefGroup = AF935A27219ED574006A52B3 /* Products */;
			projectDirPath = "";
			projectRoot = "";
			targets = (
				AF935A25219ED574006A52B3 /* miniproject */,
				AF935A39219ED575006A52B3 /* miniprojectTests */,
			);
		};
/* End PBXProject section */

/* Begin PBXResourcesBuildPhase section */
		AF935A24219ED574006A52B3 /* Resources */ = {
			isa = PBXResourcesBuildPhase;
			buildActionMask = 2147483647;
			files = (
				AF935A80219EE029006A52B3 /* ProgressHUD.bundle in Resources */,
				AF935A34219ED575006A52B3 /* LaunchScreen.storyboard in Resources */,
				AF935A31219ED575006A52B3 /* Assets.xcassets in Resources */,
				AF935A2F219ED574006A52B3 /* Main.storyboard in Resources */,
			);
			runOnlyForDeploymentPostprocessing = 0;
		};
		AF935A38219ED575006A52B3 /* Resources */ = {
			isa = PBXResourcesBuildPhase;
			buildActionMask = 2147483647;
			files = (
				AF935A81219EE029006A52B3 /* ProgressHUD.bundle in Resources */,
			);
			runOnlyForDeploymentPostprocessing = 0;
		};
/* End PBXResourcesBuildPhase section */

/* Begin PBXSourcesBuildPhase section */
		AF935A22219ED574006A52B3 /* Sources */ = {
			isa = PBXSourcesBuildPhase;
			buildActionMask = 2147483647;
			files = (
				AF935A2C219ED574006A52B3 /* ViewController.swift in Sources */,
				AF935A50219ED840006A52B3 /* Question.swift in Sources */,
				AF935A82219EE029006A52B3 /* ProgressHUD.m in Sources */,
				AF935A2A219ED574006A52B3 /* AppDelegate.swift in Sources */,
				AF935A4E219ED810006A52B3 /* QuestionBank.swift in Sources */,
			);
			runOnlyForDeploymentPostprocessing = 0;
		};
		AF935A36219ED575006A52B3 /* Sources */ = {
			isa = PBXSourcesBuildPhase;
			buildActionMask = 2147483647;
			files = (
				AF935A3F219ED575006A52B3 /* miniprojectTests.swift in Sources */,
			);
			runOnlyForDeploymentPostprocessing = 0;
		};
/* End PBXSourcesBuildPhase section */

/* Begin PBXTargetDependency section */
		AF935A3C219ED575006A52B3 /* PBXTargetDependency */ = {
			isa = PBXTargetDependency;
			target = AF935A25219ED574006A52B3 /* miniproject */;
			targetProxy = AF935A3B219ED575006A52B3 /* PBXContainerItemProxy */;
		};
/* End PBXTargetDependency section */

/* Begin PBXVariantGroup section */
		AF935A2D219ED574006A52B3 /* Main.storyboard */ = {
			isa = PBXVariantGroup;
			children = (
				AF935A2E219ED574006A52B3 /* Base */,
			);
			name = Main.storyboard;
			sourceTree = "<group>";
		};
		AF935A32219ED575006A52B3 /* LaunchScreen.storyboard */ = {
			isa = PBXVariantGroup;
			children = (
				AF935A33219ED575006A52B3 /* Base */,
			);
			name = LaunchScreen.storyboard;
			sourceTree = "<group>";
		};
/* End PBXVariantGroup section */

/* Begin XCBuildConfiguration section */
		AF935A41219ED575006A52B3 /* Debug */ = {
			isa = XCBuildConfiguration;
			buildSettings = {
				ALWAYS_SEARCH_USER_PATHS = NO;
				CLANG_ANALYZER_NONNULL = YES;
				CLANG_ANALYZER_NUMBER_OBJECT_CONVERSION = YES_AGGRESSIVE;
				CLANG_CXX_LANGUAGE_STANDARD = "gnu++14";
				CLANG_CXX_LIBRARY = "libc++";
				CLANG_ENABLE_MODULES = YES;
				CLANG_ENABLE_OBJC_ARC = YES;
				CLANG_ENABLE_OBJC_WEAK = YES;
				CLANG_WARN_BLOCK_CAPTURE_AUTORELEASING = YES;
				CLANG_WARN_BOOL_CONVERSION = YES;
				CLANG_WARN_COMMA = YES;
				CLANG_WARN_CONSTANT_CONVERSION = YES;
				CLANG_WARN_DEPRECATED_OBJC_IMPLEMENTATIONS = YES;
				CLANG_WARN_DIRECT_OBJC_ISA_USAGE = YES_ERROR;
				CLANG_WARN_DOCUMENTATION_COMMENTS = YES;
				CLANG_WARN_EMPTY_BODY = YES;
				CLANG_WARN_ENUM_CONVERSION = YES;
				CLANG_WARN_INFINITE_RECURSION = YES;
				CLANG_WARN_INT_CONVERSION = YES;
				CLANG_WARN_NON_LITERAL_NULL_CONVERSION = YES;
				CLANG_WARN_OBJC_IMPLICIT_RETAIN_SELF = YES;
				CLANG_WARN_OBJC_LITERAL_CONVERSION = YES;
				CLANG_WARN_OBJC_ROOT_CLASS = YES_ERROR;
				CLANG_WARN_RANGE_LOOP_ANALYSIS = YES;
				CLANG_WARN_STRICT_PROTOTYPES = YES;
				CLANG_WARN_SUSPICIOUS_MOVE = YES;
				CLANG_WARN_UNGUARDED_AVAILABILITY = YES_AGGRESSIVE;
				CLANG_WARN_UNREACHABLE_CODE = YES;
				CLANG_WARN__DUPLICATE_METHOD_MATCH = YES;
				CODE_SIGN_IDENTITY = "iPhone Developer";
				COPY_PHASE_STRIP = NO;
				DEBUG_INFORMATION_FORMAT = dwarf;
				ENABLE_STRICT_OBJC_MSGSEND = YES;
				ENABLE_TESTABILITY = YES;
				GCC_C_LANGUAGE_STANDARD = gnu11;
				GCC_DYNAMIC_NO_PIC = NO;
				GCC_NO_COMMON_BLOCKS = YES;
				GCC_OPTIMIZATION_LEVEL = 0;
				GCC_PREPROCESSOR_DEFINITIONS = (
					"DEBUG=1",
					"$(inherited)",
				);
				GCC_WARN_64_TO_32_BIT_CONVERSION = YES;
				GCC_WARN_ABOUT_RETURN_TYPE = YES_ERROR;
				GCC_WARN_UNDECLARED_SELECTOR = YES;
				GCC_WARN_UNINITIALIZED_AUTOS = YES_AGGRESSIVE;
				GCC_WARN_UNUSED_FUNCTION = YES;
				GCC_WARN_UNUSED_VARIABLE = YES;
				IPHONEOS_DEPLOYMENT_TARGET = 12.1;
				MTL_ENABLE_DEBUG_INFO = INCLUDE_SOURCE;
				MTL_FAST_MATH = YES;
				ONLY_ACTIVE_ARCH = YES;
				SDKROOT = iphoneos;
				SWIFT_ACTIVE_COMPILATION_CONDITIONS = DEBUG;
				SWIFT_OPTIMIZATION_LEVEL = "-Onone";
			};
			name = Debug;
		};
		AF935A42219ED575006A52B3 /* Release */ = {
			isa = XCBuildConfiguration;
			buildSettings = {
				ALWAYS_SEARCH_USER_PATHS = NO;
				CLANG_ANALYZER_NONNULL = YES;
				CLANG_ANALYZER_NUMBER_OBJECT_CONVERSION = YES_AGGRESSIVE;
				CLANG_CXX_LANGUAGE_STANDARD = "gnu++14";
				CLANG_CXX_LIBRARY = "libc++";
				CLANG_ENABLE_MODULES = YES;
				CLANG_ENABLE_OBJC_ARC = YES;
				CLANG_ENABLE_OBJC_WEAK = YES;
				CLANG_WARN_BLOCK_CAPTURE_AUTORELEASING = YES;
				CLANG_WARN_BOOL_CONVERSION = YES;
				CLANG_WARN_COMMA = YES;
				CLANG_WARN_CONSTANT_CONVERSION = YES;
				CLANG_WARN_DEPRECATED_OBJC_IMPLEMENTATIONS = YES;
				CLANG_WARN_DIRECT_OBJC_ISA_USAGE = YES_ERROR;
				CLANG_WARN_DOCUMENTATION_COMMENTS = YES;
				CLANG_WARN_EMPTY_BODY = YES;
				CLANG_WARN_ENUM_CONVERSION = YES;
				CLANG_WARN_INFINITE_RECURSION = YES;
				CLANG_WARN_INT_CONVERSION = YES;
				CLANG_WARN_NON_LITERAL_NULL_CONVERSION = YES;
				CLANG_WARN_OBJC_IMPLICIT_RETAIN_SELF = YES;
				CLANG_WARN_OBJC_LITERAL_CONVERSION = YES;
				CLANG_WARN_OBJC_ROOT_CLASS = YES_ERROR;
				CLANG_WARN_RANGE_LOOP_ANALYSIS = YES;
				CLANG_WARN_STRICT_PROTOTYPES = YES;
				CLANG_WARN_SUSPICIOUS_MOVE = YES;
				CLANG_WARN_UNGUARDED_AVAILABILITY = YES_AGGRESSIVE;
				CLANG_WARN_UNREACHABLE_CODE = YES;
				CLANG_WARN__DUPLICATE_METHOD_MATCH = YES;
				CODE_SIGN_IDENTITY = "iPhone Developer";
				COPY_PHASE_STRIP = NO;
				DEBUG_INFORMATION_FORMAT = "dwarf-with-dsym";
				ENABLE_NS_ASSERTIONS = NO;
				ENABLE_STRICT_OBJC_MSGSEND = YES;
				GCC_C_LANGUAGE_STANDARD = gnu11;
				GCC_NO_COMMON_BLOCKS = YES;
				GCC_WARN_64_TO_32_BIT_CONVERSION = YES;
				GCC_WARN_ABOUT_RETURN_TYPE = YES_ERROR;
				GCC_WARN_UNDECLARED_SELECTOR = YES;
				GCC_WARN_UNINITIALIZED_AUTOS = YES_AGGRESSIVE;
				GCC_WARN_UNUSED_FUNCTION = YES;
				GCC_WARN_UNUSED_VARIABLE = YES;
				IPHONEOS_DEPLOYMENT_TARGET = 12.1;
				MTL_ENABLE_DEBUG_INFO = NO;
				MTL_FAST_MATH = YES;
				SDKROOT = iphoneos;
				SWIFT_COMPILATION_MODE = wholemodule;
				SWIFT_OPTIMIZATION_LEVEL = "-O";
				VALIDATE_PRODUCT = YES;
			};
			name = Release;
		};
		AF935A44219ED575006A52B3 /* Debug */ = {
			isa = XCBuildConfiguration;
			buildSettings = {
				ASSETCATALOG_COMPILER_APPICON_NAME = AppIcon;
				CLANG_ENABLE_MODULES = YES;
				CODE_SIGN_STYLE = Automatic;
				INFOPLIST_FILE = miniproject/Info.plist;
				LD_RUNPATH_SEARCH_PATHS = (
					"$(inherited)",
					"@executable_path/Frameworks",
				);
				PRODUCT_BUNDLE_IDENTIFIER = ictnajaa.miniproject;
				PRODUCT_NAME = "$(TARGET_NAME)";
				SWIFT_OBJC_BRIDGING_HEADER = "miniproject/miniproject-Bridging-Header.h";
				SWIFT_OPTIMIZATION_LEVEL = "-Onone";
				SWIFT_VERSION = 4.2;
				TARGETED_DEVICE_FAMILY = "1,2";
			};
			name = Debug;
		};
		AF935A45219ED575006A52B3 /* Release */ = {
			isa = XCBuildConfiguration;
			buildSettings = {
				ASSETCATALOG_COMPILER_APPICON_NAME = AppIcon;
				CLANG_ENABLE_MODULES = YES;
				CODE_SIGN_STYLE = Automatic;
				INFOPLIST_FILE = miniproject/Info.plist;
				LD_RUNPATH_SEARCH_PATHS = (
					"$(inherited)",
					"@executable_path/Frameworks",
				);
				PRODUCT_BUNDLE_IDENTIFIER = ictnajaa.miniproject;
				PRODUCT_NAME = "$(TARGET_NAME)";
				SWIFT_OBJC_BRIDGING_HEADER = "miniproject/miniproject-Bridging-Header.h";
				SWIFT_VERSION = 4.2;
				TARGETED_DEVICE_FAMILY = "1,2";
			};
			name = Release;
		};
		AF935A47219ED575006A52B3 /* Debug */ = {
			isa = XCBuildConfiguration;
			buildSettings = {
				ALWAYS_EMBED_SWIFT_STANDARD_LIBRARIES = YES;
				BUNDLE_LOADER = "$(TEST_HOST)";
				CLANG_ENABLE_MODULES = YES;
				CODE_SIGN_STYLE = Automatic;
				INFOPLIST_FILE = miniprojectTests/Info.plist;
				LD_RUNPATH_SEARCH_PATHS = (
					"$(inherited)",
					"@executable_path/Frameworks",
					"@loader_path/Frameworks",
				);
				PRODUCT_BUNDLE_IDENTIFIER = ictnaja.miniprojectTests;
				PRODUCT_NAME = "$(TARGET_NAME)";
				SWIFT_OBJC_BRIDGING_HEADER = "miniprojectTests-Bridging-Header.h";
				SWIFT_OPTIMIZATION_LEVEL = "-Onone";
				SWIFT_VERSION = 4.2;
				TARGETED_DEVICE_FAMILY = "1,2";
				TEST_HOST = "$(BUILT_PRODUCTS_DIR)/miniproject.app/miniproject";
			};
			name = Debug;
		};
		AF935A48219ED575006A52B3 /* Release */ = {
			isa = XCBuildConfiguration;
			buildSettings = {
				ALWAYS_EMBED_SWIFT_STANDARD_LIBRARIES = YES;
				BUNDLE_LOADER = "$(TEST_HOST)";
				CLANG_ENABLE_MODULES = YES;
				CODE_SIGN_STYLE = Automatic;
				INFOPLIST_FILE = miniprojectTests/Info.plist;
				LD_RUNPATH_SEARCH_PATHS = (
					"$(inherited)",
					"@executable_path/Frameworks",
					"@loader_path/Frameworks",
				);
				PRODUCT_BUNDLE_IDENTIFIER = ictnaja.miniprojectTests;
				PRODUCT_NAME = "$(TARGET_NAME)";
				SWIFT_OBJC_BRIDGING_HEADER = "miniprojectTests-Bridging-Header.h";
				SWIFT_VERSION = 4.2;
				TARGETED_DEVICE_FAMILY = "1,2";
				TEST_HOST = "$(BUILT_PRODUCTS_DIR)/miniproject.app/miniproject";
			};
			name = Release;
		};
/* End XCBuildConfiguration section */

/* Begin XCConfigurationList section */
		AF935A21219ED574006A52B3 /* Build configuration list for PBXProject "miniproject" */ = {
			isa = XCConfigurationList;
			buildConfigurations = (
				AF935A41219ED575006A52B3 /* Debug */,
				AF935A42219ED575006A52B3 /* Release */,
			);
			defaultConfigurationIsVisible = 0;
			defaultConfigurationName = Release;
		};
		AF935A43219ED575006A52B3 /* Build configuration list for PBXNativeTarget "miniproject" */ = {
			isa = XCConfigurationList;
			buildConfigurations = (
				AF935A44219ED575006A52B3 /* Debug */,
				AF935A45219ED575006A52B3 /* Release */,
			);
			defaultConfigurationIsVisible = 0;
			defaultConfigurationName = Release;
		};
		AF935A46219ED575006A52B3 /* Build configuration list for PBXNativeTarget "miniprojectTests" */ = {
			isa = XCConfigurationList;
			buildConfigurations = (
				AF935A47219ED575006A52B3 /* Debug */,
				AF935A48219ED575006A52B3 /* Release */,
			);
			defaultConfigurationIsVisible = 0;
			defaultConfigurationName = Release;
		};
/* End XCConfigurationList section */
	};
	rootObject = AF935A1E219ED574006A52B3 /* Project object */;
}
